{
  "version": 4,
  "terraform_version": "1.13.5",
  "serial": 30,
  "lineage": "28a9a8c0-3158-6bf6-4875-9bbfee60b855",
  "outputs": {},
  "resources": [
    {
      "mode": "data",
      "type": "archive_file",
      "name": "lambda_zip",
      "provider": "provider[\"registry.terraform.io/hashicorp/archive\"]",
      "instances": [
        {
          "schema_version": 0,
          "attributes": {
            "exclude_symlink_directories": null,
            "excludes": null,
            "id": "0b51ed6b186a82111fd1931f8dfa9b0aa6ec3964",
            "output_base64sha256": "ehIg+kq6v+701qEX9+RauvMyUIT6y+b0euB4BL6YCyo=",
            "output_base64sha512": "u9mD1VJWkh5s0EJo4boBuO8YB8wkIbCqX/V8iOQPHtj7iSK4BXcRVkd0jX4DfdSkH+vpgGQh9RiP1nT0R0C6Vw==",
            "output_file_mode": null,
            "output_md5": "c5f2cc01c961eaa027c66545f5eacf68",
            "output_path": "auditor_package.zip",
            "output_sha": "0b51ed6b186a82111fd1931f8dfa9b0aa6ec3964",
            "output_sha256": "7a1220fa4ababfeef4d6a117f7e45abaf3325084facbe6f47ae07804be980b2a",
            "output_sha512": "bbd983d55256921e6cd04268e1ba01b8ef1807cc2421b0aa5ff57c88e40f1ed8fb8922b80577115647748d7e037dd4a41febe9806421f5188fd674f44740ba57",
            "output_size": 1669,
            "source": [],
            "source_content": null,
            "source_content_filename": null,
            "source_dir": "src",
            "source_file": null,
            "type": "zip"
          },
          "sensitive_attributes": [],
          "identity_schema_version": 0
        }
      ]
    },
    {
      "mode": "data",
      "type": "aws_iam_policy_document",
      "name": "auditor_policy_document",
      "provider": "provider[\"registry.terraform.io/hashicorp/aws\"]",
      "instances": [
        {
          "schema_version": 0,
          "attributes": {
            "id": "3827433019",
            "json": "{\n  \"Version\": \"2012-10-17\",\n  \"Statement\": [\n    {\n      \"Sid\": \"AllowLogging\",\n      \"Effect\": \"Allow\",\n      \"Action\": [\n        \"logs:PutLogEvents\",\n        \"logs:CreateLogStream\",\n        \"logs:CreateLogGroup\"\n      ],\n      \"Resource\": \"arn:aws:logs:*:*:*\"\n    },\n    {\n      \"Sid\": \"AllowAuditReadActions\",\n      \"Effect\": \"Allow\",\n      \"Action\": [\n        \"s3:ListBuckets\",\n        \"s3:ListAllMyBuckets\",\n        \"s3:GetEncryptionConfiguration\",\n        \"s3:GetBucketAcl\",\n        \"iam:ListUsers\",\n        \"ec2:DescribeVolumes\",\n        \"ec2:DescribeSecurityGroups\"\n      ],\n      \"Resource\": \"*\"\n    },\n    {\n      \"Sid\": \"AllowDynamoDBWrite\",\n      \"Effect\": \"Allow\",\n      \"Action\": [\n        \"dynamodb:UpdateItem\",\n        \"dynamodb:PutItem\"\n      ],\n      \"Resource\": \"arn:aws:dynamodb:us-east-1:272493677338:table/AuditorFindings\"\n    }\n  ]\n}",
            "minified_json": "{\"Version\":\"2012-10-17\",\"Statement\":[{\"Sid\":\"AllowLogging\",\"Effect\":\"Allow\",\"Action\":[\"logs:PutLogEvents\",\"logs:CreateLogStream\",\"logs:CreateLogGroup\"],\"Resource\":\"arn:aws:logs:*:*:*\"},{\"Sid\":\"AllowAuditReadActions\",\"Effect\":\"Allow\",\"Action\":[\"s3:ListBuckets\",\"s3:ListAllMyBuckets\",\"s3:GetEncryptionConfiguration\",\"s3:GetBucketAcl\",\"iam:ListUsers\",\"ec2:DescribeVolumes\",\"ec2:DescribeSecurityGroups\"],\"Resource\":\"*\"},{\"Sid\":\"AllowDynamoDBWrite\",\"Effect\":\"Allow\",\"Action\":[\"dynamodb:UpdateItem\",\"dynamodb:PutItem\"],\"Resource\":\"arn:aws:dynamodb:us-east-1:272493677338:table/AuditorFindings\"}]}",
            "override_json": null,
            "override_policy_documents": null,
            "policy_id": null,
            "source_json": null,
            "source_policy_documents": null,
            "statement": [
              {
                "actions": [
                  "logs:CreateLogGroup",
                  "logs:CreateLogStream",
                  "logs:PutLogEvents"
                ],
                "condition": [],
                "effect": "Allow",
                "not_actions": [],
                "not_principals": [],
                "not_resources": [],
                "principals": [],
                "resources": [
                  "arn:aws:logs:*:*:*"
                ],
                "sid": "AllowLogging"
              },
              {
                "actions": [
                  "ec2:DescribeSecurityGroups",
                  "ec2:DescribeVolumes",
                  "iam:ListUsers",
                  "s3:GetBucketAcl",
                  "s3:GetEncryptionConfiguration",
                  "s3:ListAllMyBuckets",
                  "s3:ListBuckets"
                ],
                "condition": [],
                "effect": "Allow",
                "not_actions": [],
                "not_principals": [],
                "not_resources": [],
                "principals": [],
                "resources": [
                  "*"
                ],
                "sid": "AllowAuditReadActions"
              },
              {
                "actions": [
                  "dynamodb:PutItem",
                  "dynamodb:UpdateItem"
                ],
                "condition": [],
                "effect": "Allow",
                "not_actions": [],
                "not_principals": [],
                "not_resources": [],
                "principals": [],
                "resources": [
                  "arn:aws:dynamodb:us-east-1:272493677338:table/AuditorFindings"
                ],
                "sid": "AllowDynamoDBWrite"
              }
            ],
            "version": "2012-10-17"
          },
          "sensitive_attributes": [],
          "identity_schema_version": 0
        }
      ]
    },
    {
      "mode": "data",
      "type": "aws_iam_policy_document",
      "name": "lambda_assume_role_policy",
      "provider": "provider[\"registry.terraform.io/hashicorp/aws\"]",
      "instances": [
        {
          "schema_version": 0,
          "attributes": {
            "id": "2690255455",
            "json": "{\n  \"Version\": \"2012-10-17\",\n  \"Statement\": [\n    {\n      \"Effect\": \"Allow\",\n      \"Action\": \"sts:AssumeRole\",\n      \"Principal\": {\n        \"Service\": \"lambda.amazonaws.com\"\n      }\n    }\n  ]\n}",
            "minified_json": "{\"Version\":\"2012-10-17\",\"Statement\":[{\"Effect\":\"Allow\",\"Action\":\"sts:AssumeRole\",\"Principal\":{\"Service\":\"lambda.amazonaws.com\"}}]}",
            "override_json": null,
            "override_policy_documents": null,
            "policy_id": null,
            "source_json": null,
            "source_policy_documents": null,
            "statement": [
              {
                "actions": [
                  "sts:AssumeRole"
                ],
                "condition": [],
                "effect": "Allow",
                "not_actions": [],
                "not_principals": [],
                "not_resources": [],
                "principals": [
                  {
                    "identifiers": [
                      "lambda.amazonaws.com"
                    ],
                    "type": "Service"
                  }
                ],
                "resources": [],
                "sid": ""
              }
            ],
            "version": "2012-10-17"
          },
          "sensitive_attributes": [],
          "identity_schema_version": 0
        }
      ]
    },
    {
      "mode": "managed",
      "type": "aws_cloudwatch_event_rule",
      "name": "auditor_schedule",
      "provider": "provider[\"registry.terraform.io/hashicorp/aws\"]",
      "instances": [
        {
          "schema_version": 1,
          "attributes": {
            "arn": "arn:aws:events:us-east-1:272493677338:rule/auditor-schedule-rule",
            "description": "Triggers the auditor every 6 hours",
            "event_bus_name": "default",
            "event_pattern": null,
            "force_destroy": false,
            "id": "auditor-schedule-rule",
            "is_enabled": true,
            "name": "auditor-schedule-rule",
            "name_prefix": "",
            "role_arn": "",
            "schedule_expression": "cron(0 0/6 * * ? *)",
            "state": "ENABLED",
            "tags": {},
            "tags_all": {}
          },
          "sensitive_attributes": [],
          "identity_schema_version": 0,
          "private": "eyJzY2hlbWFfdmVyc2lvbiI6IjEifQ=="
        }
      ]
    },
    {
      "mode": "managed",
      "type": "aws_cloudwatch_event_target",
      "name": "auditor_lambda_target",
      "provider": "provider[\"registry.terraform.io/hashicorp/aws\"]",
      "instances": [
        {
          "schema_version": 1,
          "attributes": {
            "appsync_target": [],
            "arn": "arn:aws:lambda:us-east-1:272493677338:function:CloudDevSecOpsAuditor",
            "batch_target": [],
            "dead_letter_config": [],
            "ecs_target": [],
            "event_bus_name": "default",
            "force_destroy": false,
            "http_target": [],
            "id": "auditor-schedule-rule-terraform-20251118183139285200000002",
            "input": "",
            "input_path": "",
            "input_transformer": [],
            "kinesis_target": [],
            "redshift_target": [],
            "retry_policy": [],
            "role_arn": "",
            "rule": "auditor-schedule-rule",
            "run_command_targets": [],
            "sagemaker_pipeline_target": [],
            "sqs_target": [],
            "target_id": "terraform-20251118183139285200000002"
          },
          "sensitive_attributes": [],
          "identity_schema_version": 0,
          "private": "eyJzY2hlbWFfdmVyc2lvbiI6IjEifQ==",
          "dependencies": [
            "aws_cloudwatch_event_rule.auditor_schedule",
            "aws_dynamodb_table.audit_findings_table",
            "aws_iam_policy.auditor_custom_policy",
            "aws_iam_role.auditor_lambda_role",
            "aws_iam_role_policy_attachment.auditor_policy_attach",
            "aws_lambda_function.auditor_function",
            "data.archive_file.lambda_zip",
            "data.aws_iam_policy_document.auditor_policy_document",
            "data.aws_iam_policy_document.lambda_assume_role_policy"
          ]
        }
      ]
    },
    {
      "mode": "managed",
      "type": "aws_dynamodb_table",
      "name": "audit_findings_table",
      "provider": "provider[\"registry.terraform.io/hashicorp/aws\"]",
      "instances": [
        {
          "schema_version": 1,
          "attributes": {
            "arn": "arn:aws:dynamodb:us-east-1:272493677338:table/AuditorFindings",
            "attribute": [
              {
                "name": "CheckName",
                "type": "S"
              },
              {
                "name": "ResourceId",
                "type": "S"
              }
            ],
            "billing_mode": "PROVISIONED",
            "deletion_protection_enabled": false,
            "global_secondary_index": [],
            "hash_key": "CheckName",
            "id": "AuditorFindings",
            "import_table": [],
            "local_secondary_index": [],
            "name": "AuditorFindings",
            "on_demand_throughput": [],
            "point_in_time_recovery": [
              {
                "enabled": false,
                "recovery_period_in_days": 0
              }
            ],
            "range_key": "ResourceId",
            "read_capacity": 5,
            "replica": [],
            "restore_date_time": null,
            "restore_source_name": null,
            "restore_source_table_arn": null,
            "restore_to_latest_time": null,
            "server_side_encryption": [],
            "stream_arn": "",
            "stream_enabled": false,
            "stream_label": "",
            "stream_view_type": "",
            "table_class": "STANDARD",
            "tags": {},
            "tags_all": {},
            "timeouts": null,
            "ttl": [
              {
                "attribute_name": "",
                "enabled": false
              }
            ],
            "write_capacity": 5
          },
          "sensitive_attributes": [],
          "identity_schema_version": 0,
          "private": "eyJlMmJmYjczMC1lY2FhLTExZTYtOGY4OC0zNDM2M2JjN2M0YzAiOnsiY3JlYXRlIjoxODAwMDAwMDAwMDAwLCJkZWxldGUiOjYwMDAwMDAwMDAwMCwidXBkYXRlIjozNjAwMDAwMDAwMDAwfSwic2NoZW1hX3ZlcnNpb24iOiIxIn0="
        }
      ]
    },
    {
      "mode": "managed",
      "type": "aws_iam_policy",
      "name": "auditor_custom_policy",
      "provider": "provider[\"registry.terraform.io/hashicorp/aws\"]",
      "instances": [
        {
          "schema_version": 0,
          "attributes": {
            "arn": "arn:aws:iam::272493677338:policy/AuditorCustomPolicy",
            "attachment_count": 1,
            "description": "",
            "id": "arn:aws:iam::272493677338:policy/AuditorCustomPolicy",
            "name": "AuditorCustomPolicy",
            "name_prefix": "",
            "path": "/",
            "policy": "{\"Statement\":[{\"Action\":[\"logs:PutLogEvents\",\"logs:CreateLogStream\",\"logs:CreateLogGroup\"],\"Effect\":\"Allow\",\"Resource\":\"arn:aws:logs:*:*:*\",\"Sid\":\"AllowLogging\"},{\"Action\":[\"s3:ListBuckets\",\"s3:ListAllMyBuckets\",\"s3:GetEncryptionConfiguration\",\"s3:GetBucketAcl\",\"iam:ListUsers\",\"ec2:DescribeVolumes\",\"ec2:DescribeSecurityGroups\"],\"Effect\":\"Allow\",\"Resource\":\"*\",\"Sid\":\"AllowAuditReadActions\"},{\"Action\":[\"dynamodb:UpdateItem\",\"dynamodb:PutItem\"],\"Effect\":\"Allow\",\"Resource\":\"arn:aws:dynamodb:us-east-1:272493677338:table/AuditorFindings\",\"Sid\":\"AllowDynamoDBWrite\"}],\"Version\":\"2012-10-17\"}",
            "policy_id": "ANPAT64PDRMNCWM3YHLX5",
            "tags": {},
            "tags_all": {}
          },
          "sensitive_attributes": [],
          "identity_schema_version": 0,
          "private": "bnVsbA==",
          "dependencies": [
            "aws_dynamodb_table.audit_findings_table",
            "data.aws_iam_policy_document.auditor_policy_document"
          ]
        }
      ]
    },
    {
      "mode": "managed",
      "type": "aws_iam_role",
      "name": "auditor_lambda_role",
      "provider": "provider[\"registry.terraform.io/hashicorp/aws\"]",
      "instances": [
        {
          "schema_version": 0,
          "attributes": {
            "arn": "arn:aws:iam::272493677338:role/auditor-lambda-execution-role",
            "assume_role_policy": "{\"Statement\":[{\"Action\":\"sts:AssumeRole\",\"Effect\":\"Allow\",\"Principal\":{\"Service\":\"lambda.amazonaws.com\"}}],\"Version\":\"2012-10-17\"}",
            "create_date": "2025-11-18T18:31:04Z",
            "description": "",
            "force_detach_policies": false,
            "id": "auditor-lambda-execution-role",
            "inline_policy": [],
            "managed_policy_arns": [
              "arn:aws:iam::272493677338:policy/AuditorCustomPolicy"
            ],
            "max_session_duration": 3600,
            "name": "auditor-lambda-execution-role",
            "name_prefix": "",
            "path": "/",
            "permissions_boundary": "",
            "tags": {},
            "tags_all": {},
            "unique_id": "AROAT64PDRMNBOLAFUF6B"
          },
          "sensitive_attributes": [],
          "identity_schema_version": 0,
          "private": "bnVsbA==",
          "dependencies": [
            "data.aws_iam_policy_document.lambda_assume_role_policy"
          ]
        }
      ]
    },
    {
      "mode": "managed",
      "type": "aws_iam_role_policy_attachment",
      "name": "auditor_policy_attach",
      "provider": "provider[\"registry.terraform.io/hashicorp/aws\"]",
      "instances": [
        {
          "schema_version": 0,
          "attributes": {
            "id": "auditor-lambda-execution-role-20251118183123607700000001",
            "policy_arn": "arn:aws:iam::272493677338:policy/AuditorCustomPolicy",
            "role": "auditor-lambda-execution-role"
          },
          "sensitive_attributes": [],
          "identity_schema_version": 0,
          "private": "bnVsbA==",
          "dependencies": [
            "aws_dynamodb_table.audit_findings_table",
            "aws_iam_policy.auditor_custom_policy",
            "aws_iam_role.auditor_lambda_role",
            "data.aws_iam_policy_document.auditor_policy_document",
            "data.aws_iam_policy_document.lambda_assume_role_policy"
          ]
        }
      ]
    },
    {
      "mode": "managed",
      "type": "aws_lambda_function",
      "name": "auditor_function",
      "provider": "provider[\"registry.terraform.io/hashicorp/aws\"]",
      "instances": [
        {
          "schema_version": 0,
          "attributes": {
            "architectures": [
              "x86_64"
            ],
            "arn": "arn:aws:lambda:us-east-1:272493677338:function:CloudDevSecOpsAuditor",
            "code_sha256": "ehIg+kq6v+701qEX9+RauvMyUIT6y+b0euB4BL6YCyo=",
            "code_signing_config_arn": "",
            "dead_letter_config": [],
            "description": "",
            "environment": [],
            "ephemeral_storage": [
              {
                "size": 512
              }
            ],
            "file_system_config": [],
            "filename": "auditor_package.zip",
            "function_name": "CloudDevSecOpsAuditor",
            "handler": "auditor.lambda_handler",
            "id": "CloudDevSecOpsAuditor",
            "image_config": [],
            "image_uri": "",
            "invoke_arn": "arn:aws:apigateway:us-east-1:lambda:path/2015-03-31/functions/arn:aws:lambda:us-east-1:272493677338:function:CloudDevSecOpsAuditor/invocations",
            "kms_key_arn": "",
            "last_modified": "2025-11-18T19:49:02.000+0000",
            "layers": [],
            "logging_config": [
              {
                "application_log_level": "",
                "log_format": "Text",
                "log_group": "/aws/lambda/CloudDevSecOpsAuditor",
                "system_log_level": ""
              }
            ],
            "memory_size": 128,
            "package_type": "Zip",
            "publish": false,
            "qualified_arn": "arn:aws:lambda:us-east-1:272493677338:function:CloudDevSecOpsAuditor:$LATEST",
            "qualified_invoke_arn": "arn:aws:apigateway:us-east-1:lambda:path/2015-03-31/functions/arn:aws:lambda:us-east-1:272493677338:function:CloudDevSecOpsAuditor:$LATEST/invocations",
            "replace_security_groups_on_destroy": null,
            "replacement_security_group_ids": null,
            "reserved_concurrent_executions": -1,
            "role": "arn:aws:iam::272493677338:role/auditor-lambda-execution-role",
            "runtime": "python3.11",
            "s3_bucket": null,
            "s3_key": null,
            "s3_object_version": null,
            "signing_job_arn": "",
            "signing_profile_version_arn": "",
            "skip_destroy": false,
            "snap_start": [],
            "source_code_hash": "ehIg+kq6v+701qEX9+RauvMyUIT6y+b0euB4BL6YCyo=",
            "source_code_size": 1669,
            "tags": {},
            "tags_all": {},
            "timeout": 60,
            "timeouts": null,
            "tracing_config": [
              {
                "mode": "PassThrough"
              }
            ],
            "version": "$LATEST",
            "vpc_config": []
          },
          "sensitive_attributes": [],
          "identity_schema_version": 0,
          "private": "eyJlMmJmYjczMC1lY2FhLTExZTYtOGY4OC0zNDM2M2JjN2M0YzAiOnsiY3JlYXRlIjo2MDAwMDAwMDAwMDAsImRlbGV0ZSI6NjAwMDAwMDAwMDAwLCJ1cGRhdGUiOjYwMDAwMDAwMDAwMH19",
          "dependencies": [
            "aws_dynamodb_table.audit_findings_table",
            "aws_iam_policy.auditor_custom_policy",
            "aws_iam_role.auditor_lambda_role",
            "aws_iam_role_policy_attachment.auditor_policy_attach",
            "data.archive_file.lambda_zip",
            "data.aws_iam_policy_document.auditor_policy_document",
            "data.aws_iam_policy_document.lambda_assume_role_policy"
          ]
        }
      ]
    },
    {
      "mode": "managed",
      "type": "aws_lambda_permission",
      "name": "allow_cloudwatch_to_call_auditor",
      "provider": "provider[\"registry.terraform.io/hashicorp/aws\"]",
      "instances": [
        {
          "schema_version": 0,
          "attributes": {
            "action": "lambda:InvokeFunction",
            "event_source_token": null,
            "function_name": "CloudDevSecOpsAuditor",
            "function_url_auth_type": null,
            "id": "AllowExecutionFromCloudWatch",
            "principal": "events.amazonaws.com",
            "principal_org_id": null,
            "qualifier": "",
            "source_account": null,
            "source_arn": "arn:aws:events:us-east-1:272493677338:rule/auditor-schedule-rule",
            "statement_id": "AllowExecutionFromCloudWatch",
            "statement_id_prefix": ""
          },
          "sensitive_attributes": [],
          "identity_schema_version": 0,
          "private": "bnVsbA==",
          "dependencies": [
            "aws_cloudwatch_event_rule.auditor_schedule",
            "aws_dynamodb_table.audit_findings_table",
            "aws_iam_policy.auditor_custom_policy",
            "aws_iam_role.auditor_lambda_role",
            "aws_iam_role_policy_attachment.auditor_policy_attach",
            "aws_lambda_function.auditor_function",
            "data.archive_file.lambda_zip",
            "data.aws_iam_policy_document.auditor_policy_document",
            "data.aws_iam_policy_document.lambda_assume_role_policy"
          ]
        }
      ]
    }
  ],
  "check_results": null
}
